
Microsoft Visual Studio Solution File, Format Version 12.00
# Visual Studio Version 17
VisualStudioVersion = 17.0.31903.59
MinimumVisualStudioVersion = 10.0.40219.1
Project("{FAE04EC0-301F-11D3-BF4B-00C04F79EFBC}") = "Practice", "Practice\Practice.csproj", "{D4AC6047-E2D8-4367-AC6A-E61B97E3F1AE}"
EndProject
Project("{FAE04EC0-301F-11D3-BF4B-00C04F79EFBC}") = "data-types", "data-types\data-types.csproj", "{5EECE1A1-70BF-469E-B820-199AAE13C285}"
EndProject
Project("{FAE04EC0-301F-11D3-BF4B-00C04F79EFBC}") = "getting-user-input", "getting-user-input\getting-user-input.csproj", "{16209E15-91B8-4809-95CA-0F655438C9BA}"
EndProject
Project("{FAE04EC0-301F-11D3-BF4B-00C04F79EFBC}") = "calculator", "calculator\calculator.csproj", "{A0A26A3D-F796-422E-8040-8F288E6E1F61}"
EndProject
Project("{FAE04EC0-301F-11D3-BF4B-00C04F79EFBC}") = "mad-lib", "mad-lib\mad-lib.csproj", "{9ADE82E0-BD4C-4ECD-844E-6A99D518B47F}"
EndProject
Project("{FAE04EC0-301F-11D3-BF4B-00C04F79EFBC}") = "arrays-in-csharp", "arrays-in-csharp\arrays-in-csharp.csproj", "{FB52D9D5-3861-43F2-9E1A-184A2A321000}"
EndProject
Project("{FAE04EC0-301F-11D3-BF4B-00C04F79EFBC}") = "methods-in-c-sharp", "methods-in-c-sharp\methods-in-c-sharp.csproj", "{FB980D4E-5206-4914-9963-52ABEC8C4115}"
EndProject
Project("{FAE04EC0-301F-11D3-BF4B-00C04F79EFBC}") = "return-statements", "return-statements\return-statements.csproj", "{021BB133-5E01-4928-94DE-74989A451BD9}"
EndProject
Project("{FAE04EC0-301F-11D3-BF4B-00C04F79EFBC}") = "if-statements", "if-statements\if-statements.csproj", "{B4286891-ADCF-499C-ADE8-1C80B9611976}"
EndProject
Project("{FAE04EC0-301F-11D3-BF4B-00C04F79EFBC}") = "better-calculator", "better-calculator\better-calculator.csproj", "{4DF4A667-7388-47A2-815A-6EC7C0296DE5}"
EndProject
Project("{FAE04EC0-301F-11D3-BF4B-00C04F79EFBC}") = "switch-statements", "switch-statements\switch-statements.csproj", "{172EDBF1-4405-47DA-97A4-908EA409B176}"
EndProject
Project("{FAE04EC0-301F-11D3-BF4B-00C04F79EFBC}") = "while-loops", "while-loops\while-loops.csproj", "{1E057663-D6DE-4E35-94D9-CDA9DEA74190}"
EndProject
Project("{FAE04EC0-301F-11D3-BF4B-00C04F79EFBC}") = "guessing-game", "guessing-game\guessing-game.csproj", "{20D6A830-E3E7-4E01-8D7D-2B43EB9CAA2D}"
EndProject
Project("{FAE04EC0-301F-11D3-BF4B-00C04F79EFBC}") = "For-loops", "For-loops\For-loops.csproj", "{19B5D83B-2471-4FD0-9B1B-4295EDDB8FCB}"
EndProject
Project("{FAE04EC0-301F-11D3-BF4B-00C04F79EFBC}") = "build-an-exponent-method", "build-an-exponent-method\build-an-exponent-method.csproj", "{2F06A1D5-FF07-486B-A8E9-40CA569C0DEA}"
EndProject
Project("{FAE04EC0-301F-11D3-BF4B-00C04F79EFBC}") = "two-dimensional-arrays", "two-dimensional-arrays\two-dimensional-arrays.csproj", "{5A5EC8E1-212C-4E98-9CFF-65BA7AFB92B7}"
EndProject
Global
	GlobalSection(SolutionConfigurationPlatforms) = preSolution
		Debug|Any CPU = Debug|Any CPU
		Release|Any CPU = Release|Any CPU
	EndGlobalSection
	GlobalSection(ProjectConfigurationPlatforms) = postSolution
		{D4AC6047-E2D8-4367-AC6A-E61B97E3F1AE}.Debug|Any CPU.ActiveCfg = Debug|Any CPU
		{D4AC6047-E2D8-4367-AC6A-E61B97E3F1AE}.Debug|Any CPU.Build.0 = Debug|Any CPU
		{D4AC6047-E2D8-4367-AC6A-E61B97E3F1AE}.Release|Any CPU.ActiveCfg = Release|Any CPU
		{D4AC6047-E2D8-4367-AC6A-E61B97E3F1AE}.Release|Any CPU.Build.0 = Release|Any CPU
		{5EECE1A1-70BF-469E-B820-199AAE13C285}.Debug|Any CPU.ActiveCfg = Debug|Any CPU
		{5EECE1A1-70BF-469E-B820-199AAE13C285}.Debug|Any CPU.Build.0 = Debug|Any CPU
		{5EECE1A1-70BF-469E-B820-199AAE13C285}.Release|Any CPU.ActiveCfg = Release|Any CPU
		{5EECE1A1-70BF-469E-B820-199AAE13C285}.Release|Any CPU.Build.0 = Release|Any CPU
		{16209E15-91B8-4809-95CA-0F655438C9BA}.Debug|Any CPU.ActiveCfg = Debug|Any CPU
		{16209E15-91B8-4809-95CA-0F655438C9BA}.Debug|Any CPU.Build.0 = Debug|Any CPU
		{16209E15-91B8-4809-95CA-0F655438C9BA}.Release|Any CPU.ActiveCfg = Release|Any CPU
		{16209E15-91B8-4809-95CA-0F655438C9BA}.Release|Any CPU.Build.0 = Release|Any CPU
		{A0A26A3D-F796-422E-8040-8F288E6E1F61}.Debug|Any CPU.ActiveCfg = Debug|Any CPU
		{A0A26A3D-F796-422E-8040-8F288E6E1F61}.Debug|Any CPU.Build.0 = Debug|Any CPU
		{A0A26A3D-F796-422E-8040-8F288E6E1F61}.Release|Any CPU.ActiveCfg = Release|Any CPU
		{A0A26A3D-F796-422E-8040-8F288E6E1F61}.Release|Any CPU.Build.0 = Release|Any CPU
		{9ADE82E0-BD4C-4ECD-844E-6A99D518B47F}.Debug|Any CPU.ActiveCfg = Debug|Any CPU
		{9ADE82E0-BD4C-4ECD-844E-6A99D518B47F}.Debug|Any CPU.Build.0 = Debug|Any CPU
		{9ADE82E0-BD4C-4ECD-844E-6A99D518B47F}.Release|Any CPU.ActiveCfg = Release|Any CPU
		{9ADE82E0-BD4C-4ECD-844E-6A99D518B47F}.Release|Any CPU.Build.0 = Release|Any CPU
		{FB52D9D5-3861-43F2-9E1A-184A2A321000}.Debug|Any CPU.ActiveCfg = Debug|Any CPU
		{FB52D9D5-3861-43F2-9E1A-184A2A321000}.Debug|Any CPU.Build.0 = Debug|Any CPU
		{FB52D9D5-3861-43F2-9E1A-184A2A321000}.Release|Any CPU.ActiveCfg = Release|Any CPU
		{FB52D9D5-3861-43F2-9E1A-184A2A321000}.Release|Any CPU.Build.0 = Release|Any CPU
		{FB980D4E-5206-4914-9963-52ABEC8C4115}.Debug|Any CPU.ActiveCfg = Debug|Any CPU
		{FB980D4E-5206-4914-9963-52ABEC8C4115}.Debug|Any CPU.Build.0 = Debug|Any CPU
		{FB980D4E-5206-4914-9963-52ABEC8C4115}.Release|Any CPU.ActiveCfg = Release|Any CPU
		{FB980D4E-5206-4914-9963-52ABEC8C4115}.Release|Any CPU.Build.0 = Release|Any CPU
		{021BB133-5E01-4928-94DE-74989A451BD9}.Debug|Any CPU.ActiveCfg = Debug|Any CPU
		{021BB133-5E01-4928-94DE-74989A451BD9}.Debug|Any CPU.Build.0 = Debug|Any CPU
		{021BB133-5E01-4928-94DE-74989A451BD9}.Release|Any CPU.ActiveCfg = Release|Any CPU
		{021BB133-5E01-4928-94DE-74989A451BD9}.Release|Any CPU.Build.0 = Release|Any CPU
		{B4286891-ADCF-499C-ADE8-1C80B9611976}.Debug|Any CPU.ActiveCfg = Debug|Any CPU
		{B4286891-ADCF-499C-ADE8-1C80B9611976}.Debug|Any CPU.Build.0 = Debug|Any CPU
		{B4286891-ADCF-499C-ADE8-1C80B9611976}.Release|Any CPU.ActiveCfg = Release|Any CPU
		{B4286891-ADCF-499C-ADE8-1C80B9611976}.Release|Any CPU.Build.0 = Release|Any CPU
		{4DF4A667-7388-47A2-815A-6EC7C0296DE5}.Debug|Any CPU.ActiveCfg = Debug|Any CPU
		{4DF4A667-7388-47A2-815A-6EC7C0296DE5}.Debug|Any CPU.Build.0 = Debug|Any CPU
		{4DF4A667-7388-47A2-815A-6EC7C0296DE5}.Release|Any CPU.ActiveCfg = Release|Any CPU
		{4DF4A667-7388-47A2-815A-6EC7C0296DE5}.Release|Any CPU.Build.0 = Release|Any CPU
		{172EDBF1-4405-47DA-97A4-908EA409B176}.Debug|Any CPU.ActiveCfg = Debug|Any CPU
		{172EDBF1-4405-47DA-97A4-908EA409B176}.Debug|Any CPU.Build.0 = Debug|Any CPU
		{172EDBF1-4405-47DA-97A4-908EA409B176}.Release|Any CPU.ActiveCfg = Release|Any CPU
		{172EDBF1-4405-47DA-97A4-908EA409B176}.Release|Any CPU.Build.0 = Release|Any CPU
		{1E057663-D6DE-4E35-94D9-CDA9DEA74190}.Debug|Any CPU.ActiveCfg = Debug|Any CPU
		{1E057663-D6DE-4E35-94D9-CDA9DEA74190}.Debug|Any CPU.Build.0 = Debug|Any CPU
		{1E057663-D6DE-4E35-94D9-CDA9DEA74190}.Release|Any CPU.ActiveCfg = Release|Any CPU
		{1E057663-D6DE-4E35-94D9-CDA9DEA74190}.Release|Any CPU.Build.0 = Release|Any CPU
		{20D6A830-E3E7-4E01-8D7D-2B43EB9CAA2D}.Debug|Any CPU.ActiveCfg = Debug|Any CPU
		{20D6A830-E3E7-4E01-8D7D-2B43EB9CAA2D}.Debug|Any CPU.Build.0 = Debug|Any CPU
		{20D6A830-E3E7-4E01-8D7D-2B43EB9CAA2D}.Release|Any CPU.ActiveCfg = Release|Any CPU
		{20D6A830-E3E7-4E01-8D7D-2B43EB9CAA2D}.Release|Any CPU.Build.0 = Release|Any CPU
		{19B5D83B-2471-4FD0-9B1B-4295EDDB8FCB}.Debug|Any CPU.ActiveCfg = Debug|Any CPU
		{19B5D83B-2471-4FD0-9B1B-4295EDDB8FCB}.Debug|Any CPU.Build.0 = Debug|Any CPU
		{19B5D83B-2471-4FD0-9B1B-4295EDDB8FCB}.Release|Any CPU.ActiveCfg = Release|Any CPU
		{19B5D83B-2471-4FD0-9B1B-4295EDDB8FCB}.Release|Any CPU.Build.0 = Release|Any CPU
		{2F06A1D5-FF07-486B-A8E9-40CA569C0DEA}.Debug|Any CPU.ActiveCfg = Debug|Any CPU
		{2F06A1D5-FF07-486B-A8E9-40CA569C0DEA}.Debug|Any CPU.Build.0 = Debug|Any CPU
		{2F06A1D5-FF07-486B-A8E9-40CA569C0DEA}.Release|Any CPU.ActiveCfg = Release|Any CPU
		{2F06A1D5-FF07-486B-A8E9-40CA569C0DEA}.Release|Any CPU.Build.0 = Release|Any CPU
		{5A5EC8E1-212C-4E98-9CFF-65BA7AFB92B7}.Debug|Any CPU.ActiveCfg = Debug|Any CPU
		{5A5EC8E1-212C-4E98-9CFF-65BA7AFB92B7}.Debug|Any CPU.Build.0 = Debug|Any CPU
		{5A5EC8E1-212C-4E98-9CFF-65BA7AFB92B7}.Release|Any CPU.ActiveCfg = Release|Any CPU
		{5A5EC8E1-212C-4E98-9CFF-65BA7AFB92B7}.Release|Any CPU.Build.0 = Release|Any CPU
	EndGlobalSection
	GlobalSection(SolutionProperties) = preSolution
		HideSolutionNode = FALSE
	EndGlobalSection
	GlobalSection(ExtensibilityGlobals) = postSolution
		SolutionGuid = {E68B69C7-8A48-4000-8BE4-5B3DDE0A1D32}
	EndGlobalSection
EndGlobal
